// !$*UTF8*$!
{
	archiveVersion = 1;
	classes = {
	};
	objectVersion = 52;
	objects = {

/* Begin PBXBuildFile section */
		220AE65924C35328002E1D5B /* GithubAPIBlob.swift in Sources */ = {isa = PBXBuildFile; fileRef = 220AE65824C35328002E1D5B /* GithubAPIBlob.swift */; };
		220AE65B24C3691F002E1D5B /* GithubAPICommit.swift in Sources */ = {isa = PBXBuildFile; fileRef = 220AE65A24C3691F002E1D5B /* GithubAPICommit.swift */; };
		220AE65E24C49064002E1D5B /* GithubAPIRepository.swift in Sources */ = {isa = PBXBuildFile; fileRef = 220AE65D24C49064002E1D5B /* GithubAPIRepository.swift */; };
		220AE66124C49CC8002E1D5B /* AlertUtil.swift in Sources */ = {isa = PBXBuildFile; fileRef = 220AE66024C49CC8002E1D5B /* AlertUtil.swift */; };
		220C2ADA24C0DD81007B22EB /* KeychainAccess in Frameworks */ = {isa = PBXBuildFile; productRef = 220C2AD924C0DD81007B22EB /* KeychainAccess */; };
		220C2ADD24C0DF5C007B22EB /* Release.xcconfig in Resources */ = {isa = PBXBuildFile; fileRef = 220C2ADC24C0DF5C007B22EB /* Release.xcconfig */; };
		220C2AE124C0E6A5007B22EB /* GithubAPIAuth.swift in Sources */ = {isa = PBXBuildFile; fileRef = 220C2AE024C0E6A5007B22EB /* GithubAPIAuth.swift */; };
		220C2AE324C0E6BC007B22EB /* Config.swift in Sources */ = {isa = PBXBuildFile; fileRef = 220C2AE224C0E6BC007B22EB /* Config.swift */; };
		220C2AE524C21859007B22EB /* GithubAPIFile.swift in Sources */ = {isa = PBXBuildFile; fileRef = 220C2AE424C21858007B22EB /* GithubAPIFile.swift */; };
		220C2AE724C21993007B22EB /* GithubAPI.swift in Sources */ = {isa = PBXBuildFile; fileRef = 220C2AE624C21993007B22EB /* GithubAPI.swift */; };
		220C2AE924C2FF21007B22EB /* GithubAPIRef.swift in Sources */ = {isa = PBXBuildFile; fileRef = 220C2AE824C2FF21007B22EB /* GithubAPIRef.swift */; };
		220C2AEB24C30103007B22EB /* GithubAPITree.swift in Sources */ = {isa = PBXBuildFile; fileRef = 220C2AEA24C30103007B22EB /* GithubAPITree.swift */; };
		220C2AED24C33814007B22EB /* GithubAPIFileContents.swift in Sources */ = {isa = PBXBuildFile; fileRef = 220C2AEC24C33814007B22EB /* GithubAPIFileContents.swift */; };
		221C41EA24BF6C3E0020A8D1 /* AppDelegate.swift in Sources */ = {isa = PBXBuildFile; fileRef = 221C41E924BF6C3E0020A8D1 /* AppDelegate.swift */; };
		221C41EC24BF6C3E0020A8D1 /* SceneDelegate.swift in Sources */ = {isa = PBXBuildFile; fileRef = 221C41EB24BF6C3E0020A8D1 /* SceneDelegate.swift */; };
		221C41EE24BF6C3E0020A8D1 /* MasterViewController.swift in Sources */ = {isa = PBXBuildFile; fileRef = 221C41ED24BF6C3E0020A8D1 /* MasterViewController.swift */; };
		221C41F024BF6C3E0020A8D1 /* DetailViewController.swift in Sources */ = {isa = PBXBuildFile; fileRef = 221C41EF24BF6C3E0020A8D1 /* DetailViewController.swift */; };
		221C41F324BF6C3E0020A8D1 /* Main.storyboard in Resources */ = {isa = PBXBuildFile; fileRef = 221C41F124BF6C3E0020A8D1 /* Main.storyboard */; };
		221C41F524BF6C400020A8D1 /* Assets.xcassets in Resources */ = {isa = PBXBuildFile; fileRef = 221C41F424BF6C400020A8D1 /* Assets.xcassets */; };
		221C41F824BF6C400020A8D1 /* LaunchScreen.storyboard in Resources */ = {isa = PBXBuildFile; fileRef = 221C41F624BF6C400020A8D1 /* LaunchScreen.storyboard */; };
		221C420124BF6C510020A8D1 /* AuthenticationServices.framework in Frameworks */ = {isa = PBXBuildFile; fileRef = 221C420024BF6C510020A8D1 /* AuthenticationServices.framework */; };
		221C420324BF6F200020A8D1 /* RootViewController.swift in Sources */ = {isa = PBXBuildFile; fileRef = 221C420224BF6F200020A8D1 /* RootViewController.swift */; };
		221C420624BF74440020A8D1 /* Alamofire in Frameworks */ = {isa = PBXBuildFile; productRef = 221C420524BF74440020A8D1 /* Alamofire */; };
		2263609024C5652E00807146 /* DateUtil.swift in Sources */ = {isa = PBXBuildFile; fileRef = 2263608F24C5652E00807146 /* DateUtil.swift */; };
		2263609224C567B600807146 /* GAPaths.swift in Sources */ = {isa = PBXBuildFile; fileRef = 2263609124C567B600807146 /* GAPaths.swift */; };
		2263609524C57EE100807146 /* Down in Frameworks */ = {isa = PBXBuildFile; productRef = 2263609424C57EE100807146 /* Down */; };
		2263609824C588BE00807146 /* Ink in Frameworks */ = {isa = PBXBuildFile; productRef = 2263609724C588BE00807146 /* Ink */; };
		2263609A24C5892900807146 /* HTMLUtil.swift in Sources */ = {isa = PBXBuildFile; fileRef = 2263609924C5892900807146 /* HTMLUtil.swift */; };
		2263609C24C5ABC100807146 /* MarkdownUtil.swift in Sources */ = {isa = PBXBuildFile; fileRef = 2263609B24C5ABC000807146 /* MarkdownUtil.swift */; };
		226360A424C5AD9C00807146 /* GitAmendTests.swift in Sources */ = {isa = PBXBuildFile; fileRef = 226360A324C5AD9C00807146 /* GitAmendTests.swift */; };
		226360AC24C5ADB200807146 /* MarkdownUtilTests.swift in Sources */ = {isa = PBXBuildFile; fileRef = 226360AB24C5ADB200807146 /* MarkdownUtilTests.swift */; };
		226360B024C5E8AA00807146 /* UITextViewExtensions.swift in Sources */ = {isa = PBXBuildFile; fileRef = 226360AF24C5E8AA00807146 /* UITextViewExtensions.swift */; };
/* End PBXBuildFile section */

/* Begin PBXContainerItemProxy section */
		226360A624C5AD9C00807146 /* PBXContainerItemProxy */ = {
			isa = PBXContainerItemProxy;
			containerPortal = 221C41DE24BF6C3E0020A8D1 /* Project object */;
			proxyType = 1;
			remoteGlobalIDString = 221C41E524BF6C3E0020A8D1;
			remoteInfo = GitAmend;
		};
/* End PBXContainerItemProxy section */

/* Begin PBXFileReference section */
		220AE65824C35328002E1D5B /* GithubAPIBlob.swift */ = {isa = PBXFileReference; lastKnownFileType = sourcecode.swift; path = GithubAPIBlob.swift; sourceTree = "<group>"; };
		220AE65A24C3691F002E1D5B /* GithubAPICommit.swift */ = {isa = PBXFileReference; lastKnownFileType = sourcecode.swift; path = GithubAPICommit.swift; sourceTree = "<group>"; };
		220AE65D24C49064002E1D5B /* GithubAPIRepository.swift */ = {isa = PBXFileReference; lastKnownFileType = sourcecode.swift; path = GithubAPIRepository.swift; sourceTree = "<group>"; };
		220AE66024C49CC8002E1D5B /* AlertUtil.swift */ = {isa = PBXFileReference; lastKnownFileType = sourcecode.swift; path = AlertUtil.swift; sourceTree = "<group>"; };
		220C2ADC24C0DF5C007B22EB /* Release.xcconfig */ = {isa = PBXFileReference; fileEncoding = 4; lastKnownFileType = text.xcconfig; path = Release.xcconfig; sourceTree = "<group>"; };
		220C2ADE24C0DF93007B22EB /* Development.xcconfig */ = {isa = PBXFileReference; lastKnownFileType = text.xcconfig; path = Development.xcconfig; sourceTree = "<group>"; };
		220C2AE024C0E6A5007B22EB /* GithubAPIAuth.swift */ = {isa = PBXFileReference; lastKnownFileType = sourcecode.swift; path = GithubAPIAuth.swift; sourceTree = "<group>"; };
		220C2AE224C0E6BC007B22EB /* Config.swift */ = {isa = PBXFileReference; lastKnownFileType = sourcecode.swift; path = Config.swift; sourceTree = "<group>"; };
		220C2AE424C21858007B22EB /* GithubAPIFile.swift */ = {isa = PBXFileReference; lastKnownFileType = sourcecode.swift; path = GithubAPIFile.swift; sourceTree = "<group>"; };
		220C2AE624C21993007B22EB /* GithubAPI.swift */ = {isa = PBXFileReference; lastKnownFileType = sourcecode.swift; path = GithubAPI.swift; sourceTree = "<group>"; };
		220C2AE824C2FF21007B22EB /* GithubAPIRef.swift */ = {isa = PBXFileReference; lastKnownFileType = sourcecode.swift; path = GithubAPIRef.swift; sourceTree = "<group>"; };
		220C2AEA24C30103007B22EB /* GithubAPITree.swift */ = {isa = PBXFileReference; lastKnownFileType = sourcecode.swift; path = GithubAPITree.swift; sourceTree = "<group>"; };
		220C2AEC24C33814007B22EB /* GithubAPIFileContents.swift */ = {isa = PBXFileReference; lastKnownFileType = sourcecode.swift; path = GithubAPIFileContents.swift; sourceTree = "<group>"; };
		221C41E624BF6C3E0020A8D1 /* GitAmend.app */ = {isa = PBXFileReference; explicitFileType = wrapper.application; includeInIndex = 0; path = GitAmend.app; sourceTree = BUILT_PRODUCTS_DIR; };
		221C41E924BF6C3E0020A8D1 /* AppDelegate.swift */ = {isa = PBXFileReference; lastKnownFileType = sourcecode.swift; path = AppDelegate.swift; sourceTree = "<group>"; };
		221C41EB24BF6C3E0020A8D1 /* SceneDelegate.swift */ = {isa = PBXFileReference; lastKnownFileType = sourcecode.swift; path = SceneDelegate.swift; sourceTree = "<group>"; };
		221C41ED24BF6C3E0020A8D1 /* MasterViewController.swift */ = {isa = PBXFileReference; lastKnownFileType = sourcecode.swift; path = MasterViewController.swift; sourceTree = "<group>"; };
		221C41EF24BF6C3E0020A8D1 /* DetailViewController.swift */ = {isa = PBXFileReference; lastKnownFileType = sourcecode.swift; path = DetailViewController.swift; sourceTree = "<group>"; tabWidth = 1; };
		221C41F224BF6C3E0020A8D1 /* Base */ = {isa = PBXFileReference; lastKnownFileType = file.storyboard; name = Base; path = Base.lproj/Main.storyboard; sourceTree = "<group>"; };
		221C41F424BF6C400020A8D1 /* Assets.xcassets */ = {isa = PBXFileReference; lastKnownFileType = folder.assetcatalog; path = Assets.xcassets; sourceTree = "<group>"; };
		221C41F724BF6C400020A8D1 /* Base */ = {isa = PBXFileReference; lastKnownFileType = file.storyboard; name = Base; path = Base.lproj/LaunchScreen.storyboard; sourceTree = "<group>"; };
		221C41F924BF6C400020A8D1 /* Info.plist */ = {isa = PBXFileReference; lastKnownFileType = text.plist.xml; path = Info.plist; sourceTree = "<group>"; };
		221C420024BF6C510020A8D1 /* AuthenticationServices.framework */ = {isa = PBXFileReference; lastKnownFileType = wrapper.framework; name = AuthenticationServices.framework; path = System/Library/Frameworks/AuthenticationServices.framework; sourceTree = SDKROOT; };
		221C420224BF6F200020A8D1 /* RootViewController.swift */ = {isa = PBXFileReference; lastKnownFileType = sourcecode.swift; path = RootViewController.swift; sourceTree = "<group>"; };
		2263608F24C5652E00807146 /* DateUtil.swift */ = {isa = PBXFileReference; lastKnownFileType = sourcecode.swift; path = DateUtil.swift; sourceTree = "<group>"; };
		2263609124C567B600807146 /* GAPaths.swift */ = {isa = PBXFileReference; lastKnownFileType = sourcecode.swift; path = GAPaths.swift; sourceTree = "<group>"; };
		2263609924C5892900807146 /* HTMLUtil.swift */ = {isa = PBXFileReference; lastKnownFileType = sourcecode.swift; path = HTMLUtil.swift; sourceTree = "<group>"; };
		2263609B24C5ABC000807146 /* MarkdownUtil.swift */ = {isa = PBXFileReference; lastKnownFileType = sourcecode.swift; path = MarkdownUtil.swift; sourceTree = "<group>"; };
		226360A124C5AD9C00807146 /* GitAmendTests.xctest */ = {isa = PBXFileReference; explicitFileType = wrapper.cfbundle; includeInIndex = 0; path = GitAmendTests.xctest; sourceTree = BUILT_PRODUCTS_DIR; };
		226360A324C5AD9C00807146 /* GitAmendTests.swift */ = {isa = PBXFileReference; lastKnownFileType = sourcecode.swift; path = GitAmendTests.swift; sourceTree = "<group>"; };
		226360A524C5AD9C00807146 /* Info.plist */ = {isa = PBXFileReference; lastKnownFileType = text.plist.xml; path = Info.plist; sourceTree = "<group>"; };
		226360AB24C5ADB200807146 /* MarkdownUtilTests.swift */ = {isa = PBXFileReference; lastKnownFileType = sourcecode.swift; path = MarkdownUtilTests.swift; sourceTree = "<group>"; };
		226360AF24C5E8AA00807146 /* UITextViewExtensions.swift */ = {isa = PBXFileReference; lastKnownFileType = sourcecode.swift; path = UITextViewExtensions.swift; sourceTree = "<group>"; };
/* End PBXFileReference section */

/* Begin PBXFrameworksBuildPhase section */
		221C41E324BF6C3E0020A8D1 /* Frameworks */ = {
			isa = PBXFrameworksBuildPhase;
			buildActionMask = 2147483647;
			files = (
				2263609524C57EE100807146 /* Down in Frameworks */,
				221C420124BF6C510020A8D1 /* AuthenticationServices.framework in Frameworks */,
				2263609824C588BE00807146 /* Ink in Frameworks */,
				221C420624BF74440020A8D1 /* Alamofire in Frameworks */,
				220C2ADA24C0DD81007B22EB /* KeychainAccess in Frameworks */,
			);
			runOnlyForDeploymentPostprocessing = 0;
		};
		2263609E24C5AD9C00807146 /* Frameworks */ = {
			isa = PBXFrameworksBuildPhase;
			buildActionMask = 2147483647;
			files = (
			);
			runOnlyForDeploymentPostprocessing = 0;
		};
/* End PBXFrameworksBuildPhase section */

/* Begin PBXGroup section */
		220AE65F24C49CC0002E1D5B /* Util */ = {
			isa = PBXGroup;
			children = (
				220AE66024C49CC8002E1D5B /* AlertUtil.swift */,
				2263608F24C5652E00807146 /* DateUtil.swift */,
				2263609924C5892900807146 /* HTMLUtil.swift */,
				2263609B24C5ABC000807146 /* MarkdownUtil.swift */,
			);
			path = Util;
			sourceTree = "<group>";
		};
		220C2ADB24C0DF32007B22EB /* Config */ = {
			isa = PBXGroup;
			children = (
				220C2ADC24C0DF5C007B22EB /* Release.xcconfig */,
				220C2ADE24C0DF93007B22EB /* Development.xcconfig */,
				220C2AE224C0E6BC007B22EB /* Config.swift */,
			);
			path = Config;
			sourceTree = "<group>";
		};
		220C2ADF24C0E68D007B22EB /* GithubAPI */ = {
			isa = PBXGroup;
			children = (
				220C2AE024C0E6A5007B22EB /* GithubAPIAuth.swift */,
				220C2AE424C21858007B22EB /* GithubAPIFile.swift */,
				220C2AE624C21993007B22EB /* GithubAPI.swift */,
				220C2AE824C2FF21007B22EB /* GithubAPIRef.swift */,
				220C2AEA24C30103007B22EB /* GithubAPITree.swift */,
				220C2AEC24C33814007B22EB /* GithubAPIFileContents.swift */,
				220AE65824C35328002E1D5B /* GithubAPIBlob.swift */,
				220AE65A24C3691F002E1D5B /* GithubAPICommit.swift */,
				220AE65D24C49064002E1D5B /* GithubAPIRepository.swift */,
			);
			path = GithubAPI;
			sourceTree = "<group>";
		};
		221C41DD24BF6C3E0020A8D1 = {
			isa = PBXGroup;
			children = (
				221C41E824BF6C3E0020A8D1 /* GitAmend */,
				226360A224C5AD9C00807146 /* GitAmendTests */,
				221C41E724BF6C3E0020A8D1 /* Products */,
				221C41FF24BF6C510020A8D1 /* Frameworks */,
			);
			sourceTree = "<group>";
		};
		221C41E724BF6C3E0020A8D1 /* Products */ = {
			isa = PBXGroup;
			children = (
				221C41E624BF6C3E0020A8D1 /* GitAmend.app */,
				226360A124C5AD9C00807146 /* GitAmendTests.xctest */,
			);
			name = Products;
			sourceTree = "<group>";
		};
		221C41E824BF6C3E0020A8D1 /* GitAmend */ = {
			isa = PBXGroup;
			children = (
				226360AE24C5E89C00807146 /* Extensions */,
				2263608C24C564CD00807146 /* Business Logic */,
				220AE65F24C49CC0002E1D5B /* Util */,
				220C2ADF24C0E68D007B22EB /* GithubAPI */,
				220C2ADB24C0DF32007B22EB /* Config */,
				221C41E924BF6C3E0020A8D1 /* AppDelegate.swift */,
				221C41EB24BF6C3E0020A8D1 /* SceneDelegate.swift */,
				221C41ED24BF6C3E0020A8D1 /* MasterViewController.swift */,
				221C41EF24BF6C3E0020A8D1 /* DetailViewController.swift */,
				221C420224BF6F200020A8D1 /* RootViewController.swift */,
				221C41F124BF6C3E0020A8D1 /* Main.storyboard */,
				221C41F424BF6C400020A8D1 /* Assets.xcassets */,
				221C41F624BF6C400020A8D1 /* LaunchScreen.storyboard */,
				221C41F924BF6C400020A8D1 /* Info.plist */,
			);
			path = GitAmend;
			sourceTree = "<group>";
		};
		221C41FF24BF6C510020A8D1 /* Frameworks */ = {
			isa = PBXGroup;
			children = (
				221C420024BF6C510020A8D1 /* AuthenticationServices.framework */,
			);
			name = Frameworks;
			sourceTree = "<group>";
		};
		2263608C24C564CD00807146 /* Business Logic */ = {
			isa = PBXGroup;
			children = (
				2263609124C567B600807146 /* GAPaths.swift */,
			);
			path = "Business Logic";
			sourceTree = "<group>";
		};
		226360A224C5AD9C00807146 /* GitAmendTests */ = {
			isa = PBXGroup;
			children = (
				226360A324C5AD9C00807146 /* GitAmendTests.swift */,
				226360A524C5AD9C00807146 /* Info.plist */,
				226360AB24C5ADB200807146 /* MarkdownUtilTests.swift */,
			);
			path = GitAmendTests;
			sourceTree = "<group>";
		};
		226360AE24C5E89C00807146 /* Extensions */ = {
			isa = PBXGroup;
			children = (
				226360AF24C5E8AA00807146 /* UITextViewExtensions.swift */,
			);
			path = Extensions;
			sourceTree = "<group>";
		};
/* End PBXGroup section */

/* Begin PBXNativeTarget section */
		221C41E524BF6C3E0020A8D1 /* GitAmend */ = {
			isa = PBXNativeTarget;
			buildConfigurationList = 221C41FC24BF6C400020A8D1 /* Build configuration list for PBXNativeTarget "GitAmend" */;
			buildPhases = (
				221C41E224BF6C3E0020A8D1 /* Sources */,
				221C41E324BF6C3E0020A8D1 /* Frameworks */,
				221C41E424BF6C3E0020A8D1 /* Resources */,
			);
			buildRules = (
			);
			dependencies = (
			);
			name = GitAmend;
			packageProductDependencies = (
				221C420524BF74440020A8D1 /* Alamofire */,
				220C2AD924C0DD81007B22EB /* KeychainAccess */,
				2263609424C57EE100807146 /* Down */,
				2263609724C588BE00807146 /* Ink */,
			);
			productName = GitAmend;
			productReference = 221C41E624BF6C3E0020A8D1 /* GitAmend.app */;
			productType = "com.apple.product-type.application";
		};
		226360A024C5AD9C00807146 /* GitAmendTests */ = {
			isa = PBXNativeTarget;
			buildConfigurationList = 226360A824C5AD9C00807146 /* Build configuration list for PBXNativeTarget "GitAmendTests" */;
			buildPhases = (
				2263609D24C5AD9C00807146 /* Sources */,
				2263609E24C5AD9C00807146 /* Frameworks */,
				2263609F24C5AD9C00807146 /* Resources */,
			);
			buildRules = (
			);
			dependencies = (
				226360A724C5AD9C00807146 /* PBXTargetDependency */,
			);
			name = GitAmendTests;
			productName = GitAmendTests;
			productReference = 226360A124C5AD9C00807146 /* GitAmendTests.xctest */;
			productType = "com.apple.product-type.bundle.unit-test";
		};
/* End PBXNativeTarget section */

/* Begin PBXProject section */
		221C41DE24BF6C3E0020A8D1 /* Project object */ = {
			isa = PBXProject;
			attributes = {
				LastSwiftUpdateCheck = 1200;
				LastUpgradeCheck = 1130;
				ORGANIZATIONNAME = "Timothy Andrew";
				TargetAttributes = {
					221C41E524BF6C3E0020A8D1 = {
						CreatedOnToolsVersion = 11.3;
					};
					226360A024C5AD9C00807146 = {
						CreatedOnToolsVersion = 12.0;
						TestTargetID = 221C41E524BF6C3E0020A8D1;
					};
				};
			};
			buildConfigurationList = 221C41E124BF6C3E0020A8D1 /* Build configuration list for PBXProject "GitAmend" */;
			compatibilityVersion = "Xcode 9.3";
			developmentRegion = en;
			hasScannedForEncodings = 0;
			knownRegions = (
				en,
				Base,
			);
			mainGroup = 221C41DD24BF6C3E0020A8D1;
			packageReferences = (
				221C420424BF74440020A8D1 /* XCRemoteSwiftPackageReference "Alamofire" */,
				220C2AD824C0DD81007B22EB /* XCRemoteSwiftPackageReference "KeychainAccess" */,
				2263609324C57EE100807146 /* XCRemoteSwiftPackageReference "Down" */,
				2263609624C588BE00807146 /* XCRemoteSwiftPackageReference "Ink" */,
			);
			productRefGroup = 221C41E724BF6C3E0020A8D1 /* Products */;
			projectDirPath = "";
			projectRoot = "";
			targets = (
				221C41E524BF6C3E0020A8D1 /* GitAmend */,
				226360A024C5AD9C00807146 /* GitAmendTests */,
			);
		};
/* End PBXProject section */

/* Begin PBXResourcesBuildPhase section */
		221C41E424BF6C3E0020A8D1 /* Resources */ = {
			isa = PBXResourcesBuildPhase;
			buildActionMask = 2147483647;
			files = (
				220C2ADD24C0DF5C007B22EB /* Release.xcconfig in Resources */,
				221C41F824BF6C400020A8D1 /* LaunchScreen.storyboard in Resources */,
				221C41F524BF6C400020A8D1 /* Assets.xcassets in Resources */,
				221C41F324BF6C3E0020A8D1 /* Main.storyboard in Resources */,
			);
			runOnlyForDeploymentPostprocessing = 0;
		};
		2263609F24C5AD9C00807146 /* Resources */ = {
			isa = PBXResourcesBuildPhase;
			buildActionMask = 2147483647;
			files = (
			);
			runOnlyForDeploymentPostprocessing = 0;
		};
/* End PBXResourcesBuildPhase section */

/* Begin PBXSourcesBuildPhase section */
		221C41E224BF6C3E0020A8D1 /* Sources */ = {
			isa = PBXSourcesBuildPhase;
			buildActionMask = 2147483647;
			files = (
				220AE66124C49CC8002E1D5B /* AlertUtil.swift in Sources */,
				221C420324BF6F200020A8D1 /* RootViewController.swift in Sources */,
				2263609C24C5ABC100807146 /* MarkdownUtil.swift in Sources */,
				2263609224C567B600807146 /* GAPaths.swift in Sources */,
				220AE65924C35328002E1D5B /* GithubAPIBlob.swift in Sources */,
				221C41EA24BF6C3E0020A8D1 /* AppDelegate.swift in Sources */,
				221C41EC24BF6C3E0020A8D1 /* SceneDelegate.swift in Sources */,
				220C2AE324C0E6BC007B22EB /* Config.swift in Sources */,
				221C41EE24BF6C3E0020A8D1 /* MasterViewController.swift in Sources */,
				220C2AE924C2FF21007B22EB /* GithubAPIRef.swift in Sources */,
				221C41F024BF6C3E0020A8D1 /* DetailViewController.swift in Sources */,
				220C2AE124C0E6A5007B22EB /* GithubAPIAuth.swift in Sources */,
				220C2AE724C21993007B22EB /* GithubAPI.swift in Sources */,
				220AE65E24C49064002E1D5B /* GithubAPIRepository.swift in Sources */,
				226360B024C5E8AA00807146 /* UITextViewExtensions.swift in Sources */,
				220C2AED24C33814007B22EB /* GithubAPIFileContents.swift in Sources */,
				220C2AE524C21859007B22EB /* GithubAPIFile.swift in Sources */,
				2263609024C5652E00807146 /* DateUtil.swift in Sources */,
				220AE65B24C3691F002E1D5B /* GithubAPICommit.swift in Sources */,
				220C2AEB24C30103007B22EB /* GithubAPITree.swift in Sources */,
				2263609A24C5892900807146 /* HTMLUtil.swift in Sources */,
			);
			runOnlyForDeploymentPostprocessing = 0;
		};
		2263609D24C5AD9C00807146 /* Sources */ = {
			isa = PBXSourcesBuildPhase;
			buildActionMask = 2147483647;
			files = (
				226360AC24C5ADB200807146 /* MarkdownUtilTests.swift in Sources */,
				226360A424C5AD9C00807146 /* GitAmendTests.swift in Sources */,
			);
			runOnlyForDeploymentPostprocessing = 0;
		};
/* End PBXSourcesBuildPhase section */

/* Begin PBXTargetDependency section */
		226360A724C5AD9C00807146 /* PBXTargetDependency */ = {
			isa = PBXTargetDependency;
			target = 221C41E524BF6C3E0020A8D1 /* GitAmend */;
			targetProxy = 226360A624C5AD9C00807146 /* PBXContainerItemProxy */;
		};
/* End PBXTargetDependency section */

/* Begin PBXVariantGroup section */
		221C41F124BF6C3E0020A8D1 /* Main.storyboard */ = {
			isa = PBXVariantGroup;
			children = (
				221C41F224BF6C3E0020A8D1 /* Base */,
			);
			name = Main.storyboard;
			sourceTree = "<group>";
		};
		221C41F624BF6C400020A8D1 /* LaunchScreen.storyboard */ = {
			isa = PBXVariantGroup;
			children = (
				221C41F724BF6C400020A8D1 /* Base */,
			);
			name = LaunchScreen.storyboard;
			sourceTree = "<group>";
		};
/* End PBXVariantGroup section */

/* Begin XCBuildConfiguration section */
		221C41FA24BF6C400020A8D1 /* Debug */ = {
			isa = XCBuildConfiguration;
			baseConfigurationReference = 220C2ADE24C0DF93007B22EB /* Development.xcconfig */;
			buildSettings = {
				ALWAYS_SEARCH_USER_PATHS = NO;
				CLANG_ANALYZER_NONNULL = YES;
				CLANG_ANALYZER_NUMBER_OBJECT_CONVERSION = YES_AGGRESSIVE;
				CLANG_CXX_LANGUAGE_STANDARD = "gnu++14";
				CLANG_CXX_LIBRARY = "libc++";
				CLANG_ENABLE_MODULES = YES;
				CLANG_ENABLE_OBJC_ARC = YES;
				CLANG_ENABLE_OBJC_WEAK = YES;
				CLANG_WARN_BLOCK_CAPTURE_AUTORELEASING = YES;
				CLANG_WARN_BOOL_CONVERSION = YES;
				CLANG_WARN_COMMA = YES;
				CLANG_WARN_CONSTANT_CONVERSION = YES;
				CLANG_WARN_DEPRECATED_OBJC_IMPLEMENTATIONS = YES;
				CLANG_WARN_DIRECT_OBJC_ISA_USAGE = YES_ERROR;
				CLANG_WARN_DOCUMENTATION_COMMENTS = YES;
				CLANG_WARN_EMPTY_BODY = YES;
				CLANG_WARN_ENUM_CONVERSION = YES;
				CLANG_WARN_INFINITE_RECURSION = YES;
				CLANG_WARN_INT_CONVERSION = YES;
				CLANG_WARN_NON_LITERAL_NULL_CONVERSION = YES;
				CLANG_WARN_OBJC_IMPLICIT_RETAIN_SELF = YES;
				CLANG_WARN_OBJC_LITERAL_CONVERSION = YES;
				CLANG_WARN_OBJC_ROOT_CLASS = YES_ERROR;
				CLANG_WARN_RANGE_LOOP_ANALYSIS = YES;
				CLANG_WARN_STRICT_PROTOTYPES = YES;
				CLANG_WARN_SUSPICIOUS_MOVE = YES;
				CLANG_WARN_UNGUARDED_AVAILABILITY = YES_AGGRESSIVE;
				CLANG_WARN_UNREACHABLE_CODE = YES;
				CLANG_WARN__DUPLICATE_METHOD_MATCH = YES;
				COPY_PHASE_STRIP = NO;
				DEBUG_INFORMATION_FORMAT = dwarf;
				ENABLE_STRICT_OBJC_MSGSEND = YES;
				ENABLE_TESTABILITY = YES;
				GCC_C_LANGUAGE_STANDARD = gnu11;
				GCC_DYNAMIC_NO_PIC = NO;
				GCC_NO_COMMON_BLOCKS = YES;
				GCC_OPTIMIZATION_LEVEL = 0;
				GCC_PREPROCESSOR_DEFINITIONS = (
					"DEBUG=1",
					"$(inherited)",
				);
				GCC_WARN_64_TO_32_BIT_CONVERSION = YES;
				GCC_WARN_ABOUT_RETURN_TYPE = YES_ERROR;
				GCC_WARN_UNDECLARED_SELECTOR = YES;
				GCC_WARN_UNINITIALIZED_AUTOS = YES_AGGRESSIVE;
				GCC_WARN_UNUSED_FUNCTION = YES;
				GCC_WARN_UNUSED_VARIABLE = YES;
				IPHONEOS_DEPLOYMENT_TARGET = 13.2;
				MTL_ENABLE_DEBUG_INFO = INCLUDE_SOURCE;
				MTL_FAST_MATH = YES;
				ONLY_ACTIVE_ARCH = YES;
				SDKROOT = iphoneos;
				SWIFT_ACTIVE_COMPILATION_CONDITIONS = DEBUG;
				SWIFT_OPTIMIZATION_LEVEL = "-Onone";
			};
			name = Debug;
		};
		221C41FB24BF6C400020A8D1 /* Release */ = {
			isa = XCBuildConfiguration;
			baseConfigurationReference = 220C2ADC24C0DF5C007B22EB /* Release.xcconfig */;
			buildSettings = {
				ALWAYS_SEARCH_USER_PATHS = NO;
				CLANG_ANALYZER_NONNULL = YES;
				CLANG_ANALYZER_NUMBER_OBJECT_CONVERSION = YES_AGGRESSIVE;
				CLANG_CXX_LANGUAGE_STANDARD = "gnu++14";
				CLANG_CXX_LIBRARY = "libc++";
				CLANG_ENABLE_MODULES = YES;
				CLANG_ENABLE_OBJC_ARC = YES;
				CLANG_ENABLE_OBJC_WEAK = YES;
				CLANG_WARN_BLOCK_CAPTURE_AUTORELEASING = YES;
				CLANG_WARN_BOOL_CONVERSION = YES;
				CLANG_WARN_COMMA = YES;
				CLANG_WARN_CONSTANT_CONVERSION = YES;
				CLANG_WARN_DEPRECATED_OBJC_IMPLEMENTATIONS = YES;
				CLANG_WARN_DIRECT_OBJC_ISA_USAGE = YES_ERROR;
				CLANG_WARN_DOCUMENTATION_COMMENTS = YES;
				CLANG_WARN_EMPTY_BODY = YES;
				CLANG_WARN_ENUM_CONVERSION = YES;
				CLANG_WARN_INFINITE_RECURSION = YES;
				CLANG_WARN_INT_CONVERSION = YES;
				CLANG_WARN_NON_LITERAL_NULL_CONVERSION = YES;
				CLANG_WARN_OBJC_IMPLICIT_RETAIN_SELF = YES;
				CLANG_WARN_OBJC_LITERAL_CONVERSION = YES;
				CLANG_WARN_OBJC_ROOT_CLASS = YES_ERROR;
				CLANG_WARN_RANGE_LOOP_ANALYSIS = YES;
				CLANG_WARN_STRICT_PROTOTYPES = YES;
				CLANG_WARN_SUSPICIOUS_MOVE = YES;
				CLANG_WARN_UNGUARDED_AVAILABILITY = YES_AGGRESSIVE;
				CLANG_WARN_UNREACHABLE_CODE = YES;
				CLANG_WARN__DUPLICATE_METHOD_MATCH = YES;
				COPY_PHASE_STRIP = NO;
				DEBUG_INFORMATION_FORMAT = "dwarf-with-dsym";
				ENABLE_NS_ASSERTIONS = NO;
				ENABLE_STRICT_OBJC_MSGSEND = YES;
				GCC_C_LANGUAGE_STANDARD = gnu11;
				GCC_NO_COMMON_BLOCKS = YES;
				GCC_WARN_64_TO_32_BIT_CONVERSION = YES;
				GCC_WARN_ABOUT_RETURN_TYPE = YES_ERROR;
				GCC_WARN_UNDECLARED_SELECTOR = YES;
				GCC_WARN_UNINITIALIZED_AUTOS = YES_AGGRESSIVE;
				GCC_WARN_UNUSED_FUNCTION = YES;
				GCC_WARN_UNUSED_VARIABLE = YES;
				IPHONEOS_DEPLOYMENT_TARGET = 13.2;
				MTL_ENABLE_DEBUG_INFO = NO;
				MTL_FAST_MATH = YES;
				SDKROOT = iphoneos;
				SWIFT_COMPILATION_MODE = wholemodule;
				SWIFT_OPTIMIZATION_LEVEL = "-O";
				VALIDATE_PRODUCT = YES;
			};
			name = Release;
		};
		221C41FD24BF6C400020A8D1 /* Debug */ = {
			isa = XCBuildConfiguration;
			buildSettings = {
				ASSETCATALOG_COMPILER_APPICON_NAME = AppIcon;
				CODE_SIGN_STYLE = Automatic;
				DEVELOPMENT_TEAM = ZD4YTU97JJ;
				INFOPLIST_FILE = GitAmend/Info.plist;
				LD_RUNPATH_SEARCH_PATHS = (
					"$(inherited)",
					"@executable_path/Frameworks",
				);
				PRODUCT_BUNDLE_IDENTIFIER = net.timothyandrew.GitAmend;
				PRODUCT_NAME = "$(TARGET_NAME)";
				SWIFT_VERSION = 5.0;
				TARGETED_DEVICE_FAMILY = "1,2";
			};
			name = Debug;
		};
		221C41FE24BF6C400020A8D1 /* Release */ = {
			isa = XCBuildConfiguration;
			buildSettings = {
				ASSETCATALOG_COMPILER_APPICON_NAME = AppIcon;
				CODE_SIGN_STYLE = Automatic;
				DEVELOPMENT_TEAM = ZD4YTU97JJ;
				INFOPLIST_FILE = GitAmend/Info.plist;
				LD_RUNPATH_SEARCH_PATHS = (
					"$(inherited)",
					"@executable_path/Frameworks",
				);
				PRODUCT_BUNDLE_IDENTIFIER = net.timothyandrew.GitAmend;
				PRODUCT_NAME = "$(TARGET_NAME)";
				SWIFT_VERSION = 5.0;
				TARGETED_DEVICE_FAMILY = "1,2";
			};
			name = Release;
		};
		226360A924C5AD9C00807146 /* Debug */ = {
			isa = XCBuildConfiguration;
			buildSettings = {
				BUNDLE_LOADER = "$(TEST_HOST)";
				CLANG_WARN_QUOTED_INCLUDE_IN_FRAMEWORK_HEADER = YES;
				CODE_SIGN_STYLE = Automatic;
				DEVELOPMENT_TEAM = ZD4YTU97JJ;
				INFOPLIST_FILE = GitAmendTests/Info.plist;
				IPHONEOS_DEPLOYMENT_TARGET = 14.0;
				LD_RUNPATH_SEARCH_PATHS = (
					"$(inherited)",
					"@executable_path/Frameworks",
					"@loader_path/Frameworks",
				);
				PRODUCT_BUNDLE_IDENTIFIER = net.timothyandrew.GitAmendTests;
				PRODUCT_NAME = "$(TARGET_NAME)";
				SWIFT_VERSION = 5.0;
				TARGETED_DEVICE_FAMILY = "1,2";
				TEST_HOST = "$(BUILT_PRODUCTS_DIR)/GitAmend.app/GitAmend";
			};
			name = Debug;
		};
		226360AA24C5AD9C00807146 /* Release */ = {
			isa = XCBuildConfiguration;
			buildSettings = {
				BUNDLE_LOADER = "$(TEST_HOST)";
				CLANG_WARN_QUOTED_INCLUDE_IN_FRAMEWORK_HEADER = YES;
				CODE_SIGN_STYLE = Automatic;
				DEVELOPMENT_TEAM = ZD4YTU97JJ;
				INFOPLIST_FILE = GitAmendTests/Info.plist;
				IPHONEOS_DEPLOYMENT_TARGET = 14.0;
				LD_RUNPATH_SEARCH_PATHS = (
					"$(inherited)",
					"@executable_path/Frameworks",
					"@loader_path/Frameworks",
				);
				PRODUCT_BUNDLE_IDENTIFIER = net.timothyandrew.GitAmendTests;
				PRODUCT_NAME = "$(TARGET_NAME)";
				SWIFT_VERSION = 5.0;
				TARGETED_DEVICE_FAMILY = "1,2";
				TEST_HOST = "$(BUILT_PRODUCTS_DIR)/GitAmend.app/GitAmend";
			};
			name = Release;
		};
/* End XCBuildConfiguration section */

/* Begin XCConfigurationList section */
		221C41E124BF6C3E0020A8D1 /* Build configuration list for PBXProject "GitAmend" */ = {
			isa = XCConfigurationList;
			buildConfigurations = (
				221C41FA24BF6C400020A8D1 /* Debug */,
				221C41FB24BF6C400020A8D1 /* Release */,
			);
			defaultConfigurationIsVisible = 0;
			defaultConfigurationName = Release;
		};
		221C41FC24BF6C400020A8D1 /* Build configuration list for PBXNativeTarget "GitAmend" */ = {
			isa = XCConfigurationList;
			buildConfigurations = (
				221C41FD24BF6C400020A8D1 /* Debug */,
				221C41FE24BF6C400020A8D1 /* Release */,
			);
			defaultConfigurationIsVisible = 0;
			defaultConfigurationName = Release;
		};
		226360A824C5AD9C00807146 /* Build configuration list for PBXNativeTarget "GitAmendTests" */ = {
			isa = XCConfigurationList;
			buildConfigurations = (
				226360A924C5AD9C00807146 /* Debug */,
				226360AA24C5AD9C00807146 /* Release */,
			);
			defaultConfigurationIsVisible = 0;
			defaultConfigurationName = Release;
		};
/* End XCConfigurationList section */

/* Begin XCRemoteSwiftPackageReference section */
		220C2AD824C0DD81007B22EB /* XCRemoteSwiftPackageReference "KeychainAccess" */ = {
			isa = XCRemoteSwiftPackageReference;
			repositoryURL = "https://github.com/kishikawakatsumi/KeychainAccess";
			requirement = {
				kind = upToNextMajorVersion;
				minimumVersion = 4.2.0;
			};
		};
		221C420424BF74440020A8D1 /* XCRemoteSwiftPackageReference "Alamofire" */ = {
			isa = XCRemoteSwiftPackageReference;
			repositoryURL = "https://github.com/Alamofire/Alamofire";
			requirement = {
				kind = upToNextMajorVersion;
				minimumVersion = 5.2.1;
			};
		};
		2263609324C57EE100807146 /* XCRemoteSwiftPackageReference "Down" */ = {
			isa = XCRemoteSwiftPackageReference;
			repositoryURL = "https://github.com/iwasrobbed/Down";
			requirement = {
				kind = upToNextMajorVersion;
				minimumVersion = 0.9.3;
			};
		};
		2263609624C588BE00807146 /* XCRemoteSwiftPackageReference "Ink" */ = {
			isa = XCRemoteSwiftPackageReference;
			repositoryURL = "https://github.com/JohnSundell/Ink";
			requirement = {
				kind = upToNextMajorVersion;
				minimumVersion = 0.5.0;
			};
		};
/* End XCRemoteSwiftPackageReference section */

/* Begin XCSwiftPackageProductDependency section */
		220C2AD924C0DD81007B22EB /* KeychainAccess */ = {
			isa = XCSwiftPackageProductDependency;
			package = 220C2AD824C0DD81007B22EB /* XCRemoteSwiftPackageReference "KeychainAccess" */;
			productName = KeychainAccess;
		};
		221C420524BF74440020A8D1 /* Alamofire */ = {
			isa = XCSwiftPackageProductDependency;
			package = 221C420424BF74440020A8D1 /* XCRemoteSwiftPackageReference "Alamofire" */;
			productName = Alamofire;
		};
		2263609424C57EE100807146 /* Down */ = {
			isa = XCSwiftPackageProductDependency;
			package = 2263609324C57EE100807146 /* XCRemoteSwiftPackageReference "Down" */;
			productName = Down;
		};
		2263609724C588BE00807146 /* Ink */ = {
			isa = XCSwiftPackageProductDependency;
			package = 2263609624C588BE00807146 /* XCRemoteSwiftPackageReference "Ink" */;
			productName = Ink;
		};
/* End XCSwiftPackageProductDependency section */
	};
	rootObject = 221C41DE24BF6C3E0020A8D1 /* Project object */;
}
